
Microsoft Visual Studio Solution File, Format Version 12.00
# Visual Studio 15
VisualStudioVersion = 15.0.26228.9
MinimumVisualStudioVersion = 10.0.40219.1
Project("{FAE04EC0-301F-11D3-BF4B-00C04F79EFBC}") = "TicTacToe", "TicTacToe\TicTacToe.csproj", "{1657BE9B-B71A-4D99-A0C8-FA4F2F9FBB0F}"
EndProject
Global
	GlobalSection(SolutionConfigurationPlatforms) = preSolution
		Debug|Any CPU = Debug|Any CPU
		Release|Any CPU = Release|Any CPU
	EndGlobalSection
	GlobalSection(ProjectConfigurationPlatforms) = postSolution
		{1657BE9B-B71A-4D99-A0C8-FA4F2F9FBB0F}.Debug|Any CPU.ActiveCfg = Debug|Any CPU
		{1657BE9B-B71A-4D99-A0C8-FA4F2F9FBB0F}.Debug|Any CPU.Build.0 = Debug|Any CPU
		{1657BE9B-B71A-4D99-A0C8-FA4F2F9FBB0F}.Release|Any CPU.ActiveCfg = Release|Any CPU
		{1657BE9B-B71A-4D99-A0C8-FA4F2F9FBB0F}.Release|Any CPU.Build.0 = Release|Any CPU
	EndGlobalSection
	GlobalSection(SolutionProperties) = preSolution
		HideSolutionNode = FALSE
	EndGlobalSection
EndGlobal
